
Microsoft Visual Studio Solution File, Format Version 12.00
# Visual Studio Version 17
VisualStudioVersion = 17.0.31903.59
MinimumVisualStudioVersion = 10.0.40219.1
Project("{FAE04EC0-301F-11D3-BF4B-00C04F79EFBC}") = "Login.api", "Login.api\Login.api.csproj", "{72511A52-B182-4BF6-B9C3-B4B2C26DE71D}"
EndProject
Global
	GlobalSection(SolutionConfigurationPlatforms) = preSolution
		Debug|Any CPU = Debug|Any CPU
		Debug|x64 = Debug|x64
		Debug|x86 = Debug|x86
		Release|Any CPU = Release|Any CPU
		Release|x64 = Release|x64
		Release|x86 = Release|x86
	EndGlobalSection
	GlobalSection(ProjectConfigurationPlatforms) = postSolution
		{72511A52-B182-4BF6-B9C3-B4B2C26DE71D}.Debug|Any CPU.ActiveCfg = Debug|Any CPU
		{72511A52-B182-4BF6-B9C3-B4B2C26DE71D}.Debug|Any CPU.Build.0 = Debug|Any CPU
		{72511A52-B182-4BF6-B9C3-B4B2C26DE71D}.Debug|x64.ActiveCfg = Debug|Any CPU
		{72511A52-B182-4BF6-B9C3-B4B2C26DE71D}.Debug|x64.Build.0 = Debug|Any CPU
		{72511A52-B182-4BF6-B9C3-B4B2C26DE71D}.Debug|x86.ActiveCfg = Debug|Any CPU
		{72511A52-B182-4BF6-B9C3-B4B2C26DE71D}.Debug|x86.Build.0 = Debug|Any CPU
		{72511A52-B182-4BF6-B9C3-B4B2C26DE71D}.Release|Any CPU.ActiveCfg = Release|Any CPU
		{72511A52-B182-4BF6-B9C3-B4B2C26DE71D}.Release|Any CPU.Build.0 = Release|Any CPU
		{72511A52-B182-4BF6-B9C3-B4B2C26DE71D}.Release|x64.ActiveCfg = Release|Any CPU
		{72511A52-B182-4BF6-B9C3-B4B2C26DE71D}.Release|x64.Build.0 = Release|Any CPU
		{72511A52-B182-4BF6-B9C3-B4B2C26DE71D}.Release|x86.ActiveCfg = Release|Any CPU
		{72511A52-B182-4BF6-B9C3-B4B2C26DE71D}.Release|x86.Build.0 = Release|Any CPU
	EndGlobalSection
	GlobalSection(SolutionProperties) = preSolution
		HideSolutionNode = FALSE
	EndGlobalSection
EndGlobal
